# THIS IS AN AUTOGENERATED FILE. DO NOT EDIT THIS FILE DIRECTLY.
# yarn lockfile v1


csv-parse@^5.2.2:
  version "5.2.2"
  resolved "https://registry.yarnpkg.com/csv-parse/-/csv-parse-5.2.2.tgz#46cafc760fd56f6e2fb347b3eb4d3ba026845248"
  integrity sha512-WCQVGZM5YEj+2+mOuV0ss73GQi/pSlurOGD7qlJJi0sY9DPp2KiX7AInd3W1mjaxnIASlUIHirsTnLX5LoHF4g==
